
Microsoft Visual Studio Solution File, Format Version 12.00
# Visual Studio Version 17
VisualStudioVersion = 17.2.32526.322
MinimumVisualStudioVersion = 10.0.40219.1
Project("{FAE04EC0-301F-11D3-BF4B-00C04F79EFBC}") = "StructExample", "StructExample\StructExample.csproj", "{77D4ACA2-79A5-44B8-ADA9-20DB2215F71B}"
EndProject
Global
	GlobalSection(SolutionConfigurationPlatforms) = preSolution
		Debug|Any CPU = Debug|Any CPU
		Release|Any CPU = Release|Any CPU
	EndGlobalSection
	GlobalSection(ProjectConfigurationPlatforms) = postSolution
		{77D4ACA2-79A5-44B8-ADA9-20DB2215F71B}.Debug|Any CPU.ActiveCfg = Debug|Any CPU
		{77D4ACA2-79A5-44B8-ADA9-20DB2215F71B}.Debug|Any CPU.Build.0 = Debug|Any CPU
		{77D4ACA2-79A5-44B8-ADA9-20DB2215F71B}.Release|Any CPU.ActiveCfg = Release|Any CPU
		{77D4ACA2-79A5-44B8-ADA9-20DB2215F71B}.Release|Any CPU.Build.0 = Release|Any CPU
	EndGlobalSection
	GlobalSection(SolutionProperties) = preSolution
		HideSolutionNode = FALSE
	EndGlobalSection
	GlobalSection(ExtensibilityGlobals) = postSolution
		SolutionGuid = {7886DB97-30F3-4A56-824C-BFFFD66E2312}
	EndGlobalSection
EndGlobal
